// !$*UTF8*$!
{
	archiveVersion = 1;
	classes = {
	};
	objectVersion = 51;
	objects = {

/* Begin PBXBuildFile section */
		1A13F23D22E5902B00C49654 /* AppDelegate.swift in Sources */ = {isa = PBXBuildFile; fileRef = 1A13F23C22E5902B00C49654 /* AppDelegate.swift */; };
		1A13F23F22E5902B00C49654 /* ViewController.swift in Sources */ = {isa = PBXBuildFile; fileRef = 1A13F23E22E5902B00C49654 /* ViewController.swift */; };
		1A13F24222E5902B00C49654 /* Main.storyboard in Resources */ = {isa = PBXBuildFile; fileRef = 1A13F24022E5902B00C49654 /* Main.storyboard */; };
		1A13F24422E5902D00C49654 /* Assets.xcassets in Resources */ = {isa = PBXBuildFile; fileRef = 1A13F24322E5902D00C49654 /* Assets.xcassets */; };
		1A13F24722E5902D00C49654 /* LaunchScreen.storyboard in Resources */ = {isa = PBXBuildFile; fileRef = 1A13F24522E5902D00C49654 /* LaunchScreen.storyboard */; };
		1A7E61EE22E739B70005F9E7 /* RealmManager.swift in Sources */ = {isa = PBXBuildFile; fileRef = 1A7E61ED22E739B70005F9E7 /* RealmManager.swift */; };
		1A7E61F022E73FF70005F9E7 /* CollectPhotoModel.swift in Sources */ = {isa = PBXBuildFile; fileRef = 1A7E61EF22E73FF70005F9E7 /* CollectPhotoModel.swift */; };
		1AEC1F9922E5DAAF00E48904 /* ResultViewController.swift in Sources */ = {isa = PBXBuildFile; fileRef = 1AEC1F9822E5DAAF00E48904 /* ResultViewController.swift */; };
		1AEC1F9B22E5F7CA00E48904 /* ResultCollectionViewCell.swift in Sources */ = {isa = PBXBuildFile; fileRef = 1AEC1F9A22E5F7CA00E48904 /* ResultCollectionViewCell.swift */; };
		1AEC1F9D22E60F0100E48904 /* SearchResponseModel.swift in Sources */ = {isa = PBXBuildFile; fileRef = 1AEC1F9C22E60F0100E48904 /* SearchResponseModel.swift */; };
		1AEC1F9F22E611F200E48904 /* ApiManager.swift in Sources */ = {isa = PBXBuildFile; fileRef = 1AEC1F9E22E611F200E48904 /* ApiManager.swift */; };
		1AEC1FA122E6120800E48904 /* ResultViewModel.swift in Sources */ = {isa = PBXBuildFile; fileRef = 1AEC1FA022E6120800E48904 /* ResultViewModel.swift */; };
		A421BE1AF866DD39CBC8BF35 /* Pods_FlickrDemo.framework in Frameworks */ = {isa = PBXBuildFile; fileRef = 6DCD93C027263181393D4F20 /* Pods_FlickrDemo.framework */; };
/* End PBXBuildFile section */

/* Begin PBXFileReference section */
		1A13F23922E5902B00C49654 /* FlickrDemo.app */ = {isa = PBXFileReference; explicitFileType = wrapper.application; includeInIndex = 0; path = FlickrDemo.app; sourceTree = BUILT_PRODUCTS_DIR; };
		1A13F23C22E5902B00C49654 /* AppDelegate.swift */ = {isa = PBXFileReference; lastKnownFileType = sourcecode.swift; path = AppDelegate.swift; sourceTree = "<group>"; };
		1A13F23E22E5902B00C49654 /* ViewController.swift */ = {isa = PBXFileReference; lastKnownFileType = sourcecode.swift; path = ViewController.swift; sourceTree = "<group>"; };
		1A13F24122E5902B00C49654 /* Base */ = {isa = PBXFileReference; lastKnownFileType = file.storyboard; name = Base; path = Base.lproj/Main.storyboard; sourceTree = "<group>"; };
		1A13F24322E5902D00C49654 /* Assets.xcassets */ = {isa = PBXFileReference; lastKnownFileType = folder.assetcatalog; path = Assets.xcassets; sourceTree = "<group>"; };
		1A13F24622E5902D00C49654 /* Base */ = {isa = PBXFileReference; lastKnownFileType = file.storyboard; name = Base; path = Base.lproj/LaunchScreen.storyboard; sourceTree = "<group>"; };
		1A13F24822E5902D00C49654 /* Info.plist */ = {isa = PBXFileReference; lastKnownFileType = text.plist.xml; path = Info.plist; sourceTree = "<group>"; };
		1A7E61ED22E739B70005F9E7 /* RealmManager.swift */ = {isa = PBXFileReference; lastKnownFileType = sourcecode.swift; path = RealmManager.swift; sourceTree = "<group>"; };
		1A7E61EF22E73FF70005F9E7 /* CollectPhotoModel.swift */ = {isa = PBXFileReference; lastKnownFileType = sourcecode.swift; path = CollectPhotoModel.swift; sourceTree = "<group>"; };
		1AEC1F9822E5DAAF00E48904 /* ResultViewController.swift */ = {isa = PBXFileReference; lastKnownFileType = sourcecode.swift; path = ResultViewController.swift; sourceTree = "<group>"; };
		1AEC1F9A22E5F7CA00E48904 /* ResultCollectionViewCell.swift */ = {isa = PBXFileReference; lastKnownFileType = sourcecode.swift; path = ResultCollectionViewCell.swift; sourceTree = "<group>"; };
		1AEC1F9C22E60F0100E48904 /* SearchResponseModel.swift */ = {isa = PBXFileReference; lastKnownFileType = sourcecode.swift; path = SearchResponseModel.swift; sourceTree = "<group>"; };
		1AEC1F9E22E611F200E48904 /* ApiManager.swift */ = {isa = PBXFileReference; lastKnownFileType = sourcecode.swift; path = ApiManager.swift; sourceTree = "<group>"; };
		1AEC1FA022E6120800E48904 /* ResultViewModel.swift */ = {isa = PBXFileReference; lastKnownFileType = sourcecode.swift; path = ResultViewModel.swift; sourceTree = "<group>"; };
		322EC2EB633BF93E87ADBCE7 /* Pods-FlickrDemo.release.xcconfig */ = {isa = PBXFileReference; includeInIndex = 1; lastKnownFileType = text.xcconfig; name = "Pods-FlickrDemo.release.xcconfig"; path = "Target Support Files/Pods-FlickrDemo/Pods-FlickrDemo.release.xcconfig"; sourceTree = "<group>"; };
		6DCD93C027263181393D4F20 /* Pods_FlickrDemo.framework */ = {isa = PBXFileReference; explicitFileType = wrapper.framework; includeInIndex = 0; path = Pods_FlickrDemo.framework; sourceTree = BUILT_PRODUCTS_DIR; };
		AD42E1DC8B3BBAA973B0D809 /* Pods-FlickrDemo.debug.xcconfig */ = {isa = PBXFileReference; includeInIndex = 1; lastKnownFileType = text.xcconfig; name = "Pods-FlickrDemo.debug.xcconfig"; path = "Target Support Files/Pods-FlickrDemo/Pods-FlickrDemo.debug.xcconfig"; sourceTree = "<group>"; };
/* End PBXFileReference section */

/* Begin PBXFrameworksBuildPhase section */
		1A13F23622E5902B00C49654 /* Frameworks */ = {
			isa = PBXFrameworksBuildPhase;
			buildActionMask = 2147483647;
			files = (
				A421BE1AF866DD39CBC8BF35 /* Pods_FlickrDemo.framework in Frameworks */,
			);
			runOnlyForDeploymentPostprocessing = 0;
		};
/* End PBXFrameworksBuildPhase section */

/* Begin PBXGroup section */
		1A13F23022E5902B00C49654 = {
			isa = PBXGroup;
			children = (
				1A13F23B22E5902B00C49654 /* FlickrDemo */,
				1A13F23A22E5902B00C49654 /* Products */,
				C72CEB1761D9F730D5DA7BC9 /* Pods */,
				F5BCE4A79DCAC452815020C3 /* Frameworks */,
			);
			sourceTree = "<group>";
		};
		1A13F23A22E5902B00C49654 /* Products */ = {
			isa = PBXGroup;
			children = (
				1A13F23922E5902B00C49654 /* FlickrDemo.app */,
			);
			name = Products;
			sourceTree = "<group>";
		};
		1A13F23B22E5902B00C49654 /* FlickrDemo */ = {
			isa = PBXGroup;
			children = (
				1A13F23C22E5902B00C49654 /* AppDelegate.swift */,
				1A13F23E22E5902B00C49654 /* ViewController.swift */,
				1AEC1F9822E5DAAF00E48904 /* ResultViewController.swift */,
				1AEC1FA022E6120800E48904 /* ResultViewModel.swift */,
				1AEC1F9A22E5F7CA00E48904 /* ResultCollectionViewCell.swift */,
				1AEC1F9C22E60F0100E48904 /* SearchResponseModel.swift */,
				1A7E61EF22E73FF70005F9E7 /* CollectPhotoModel.swift */,
				1AEC1F9E22E611F200E48904 /* ApiManager.swift */,
				1A7E61ED22E739B70005F9E7 /* RealmManager.swift */,
				1A13F24022E5902B00C49654 /* Main.storyboard */,
				1A13F24322E5902D00C49654 /* Assets.xcassets */,
				1A13F24522E5902D00C49654 /* LaunchScreen.storyboard */,
				1A13F24822E5902D00C49654 /* Info.plist */,
			);
			path = FlickrDemo;
			sourceTree = "<group>";
		};
		C72CEB1761D9F730D5DA7BC9 /* Pods */ = {
			isa = PBXGroup;
			children = (
				AD42E1DC8B3BBAA973B0D809 /* Pods-FlickrDemo.debug.xcconfig */,
				322EC2EB633BF93E87ADBCE7 /* Pods-FlickrDemo.release.xcconfig */,
			);
			path = Pods;
			sourceTree = "<group>";
		};
		F5BCE4A79DCAC452815020C3 /* Frameworks */ = {
			isa = PBXGroup;
			children = (
				6DCD93C027263181393D4F20 /* Pods_FlickrDemo.framework */,
			);
			name = Frameworks;
			sourceTree = "<group>";
		};
/* End PBXGroup section */

/* Begin PBXNativeTarget section */
		1A13F23822E5902B00C49654 /* FlickrDemo */ = {
			isa = PBXNativeTarget;
			buildConfigurationList = 1A13F24B22E5902D00C49654 /* Build configuration list for PBXNativeTarget "FlickrDemo" */;
			buildPhases = (
				BF4692EBC891A11B0706E90E /* [CP] Check Pods Manifest.lock */,
				1A13F23522E5902B00C49654 /* Sources */,
				1A13F23622E5902B00C49654 /* Frameworks */,
				1A13F23722E5902B00C49654 /* Resources */,
				49A54AAF75344DFD15BA55B3 /* [CP] Embed Pods Frameworks */,
			);
			buildRules = (
			);
			dependencies = (
			);
			name = FlickrDemo;
			productName = FlickrDemo;
			productReference = 1A13F23922E5902B00C49654 /* FlickrDemo.app */;
			productType = "com.apple.product-type.application";
		};
/* End PBXNativeTarget section */

/* Begin PBXProject section */
		1A13F23122E5902B00C49654 /* Project object */ = {
			isa = PBXProject;
			attributes = {
				LastSwiftUpdateCheck = 1020;
				LastUpgradeCheck = 1020;
				ORGANIZATIONNAME = "Hong James";
				TargetAttributes = {
					1A13F23822E5902B00C49654 = {
						CreatedOnToolsVersion = 10.2.1;
					};
				};
			};
			buildConfigurationList = 1A13F23422E5902B00C49654 /* Build configuration list for PBXProject "FlickrDemo" */;
			compatibilityVersion = "Xcode 9.3";
			developmentRegion = en;
			hasScannedForEncodings = 0;
			knownRegions = (
				en,
				Base,
			);
			mainGroup = 1A13F23022E5902B00C49654;
			productRefGroup = 1A13F23A22E5902B00C49654 /* Products */;
			projectDirPath = "";
			projectRoot = "";
			targets = (
				1A13F23822E5902B00C49654 /* FlickrDemo */,
			);
		};
/* End PBXProject section */

/* Begin PBXResourcesBuildPhase section */
		1A13F23722E5902B00C49654 /* Resources */ = {
			isa = PBXResourcesBuildPhase;
			buildActionMask = 2147483647;
			files = (
				1A13F24722E5902D00C49654 /* LaunchScreen.storyboard in Resources */,
				1A13F24422E5902D00C49654 /* Assets.xcassets in Resources */,
				1A13F24222E5902B00C49654 /* Main.storyboard in Resources */,
			);
			runOnlyForDeploymentPostprocessing = 0;
		};
/* End PBXResourcesBuildPhase section */

/* Begin PBXShellScriptBuildPhase section */
		49A54AAF75344DFD15BA55B3 /* [CP] Embed Pods Frameworks */ = {
			isa = PBXShellScriptBuildPhase;
			buildActionMask = 2147483647;
			files = (
			);
			inputFileListPaths = (
				"${PODS_ROOT}/Target Support Files/Pods-FlickrDemo/Pods-FlickrDemo-frameworks-${CONFIGURATION}-input-files.xcfilelist",
			);
			name = "[CP] Embed Pods Frameworks";
			outputFileListPaths = (
				"${PODS_ROOT}/Target Support Files/Pods-FlickrDemo/Pods-FlickrDemo-frameworks-${CONFIGURATION}-output-files.xcfilelist",
			);
			runOnlyForDeploymentPostprocessing = 0;
			shellPath = /bin/sh;
			shellScript = "\"${PODS_ROOT}/Target Support Files/Pods-FlickrDemo/Pods-FlickrDemo-frameworks.sh\"\n";
			showEnvVarsInLog = 0;
		};
		BF4692EBC891A11B0706E90E /* [CP] Check Pods Manifest.lock */ = {
			isa = PBXShellScriptBuildPhase;
			buildActionMask = 2147483647;
			files = (
			);
			inputFileListPaths = (
			);
			inputPaths = (
				"${PODS_PODFILE_DIR_PATH}/Podfile.lock",
				"${PODS_ROOT}/Manifest.lock",
			);
			name = "[CP] Check Pods Manifest.lock";
			outputFileListPaths = (
			);
			outputPaths = (
				"$(DERIVED_FILE_DIR)/Pods-FlickrDemo-checkManifestLockResult.txt",
			);
			runOnlyForDeploymentPostprocessing = 0;
			shellPath = /bin/sh;
			shellScript = "diff \"${PODS_PODFILE_DIR_PATH}/Podfile.lock\" \"${PODS_ROOT}/Manifest.lock\" > /dev/null\nif [ $? != 0 ] ; then\n    # print error to STDERR\n    echo \"error: The sandbox is not in sync with the Podfile.lock. Run 'pod install' or update your CocoaPods installation.\" >&2\n    exit 1\nfi\n# This output is used by Xcode 'outputs' to avoid re-running this script phase.\necho \"SUCCESS\" > \"${SCRIPT_OUTPUT_FILE_0}\"\n";
			showEnvVarsInLog = 0;
		};
/* End PBXShellScriptBuildPhase section */

/* Begin PBXSourcesBuildPhase section */
		1A13F23522E5902B00C49654 /* Sources */ = {
			isa = PBXSourcesBuildPhase;
			buildActionMask = 2147483647;
			files = (
				1A13F23F22E5902B00C49654 /* ViewController.swift in Sources */,
				1AEC1FA122E6120800E48904 /* ResultViewModel.swift in Sources */,
				1A13F23D22E5902B00C49654 /* AppDelegate.swift in Sources */,
				1AEC1F9922E5DAAF00E48904 /* ResultViewController.swift in Sources */,
				1AEC1F9D22E60F0100E48904 /* SearchResponseModel.swift in Sources */,
				1A7E61EE22E739B70005F9E7 /* RealmManager.swift in Sources */,
				1AEC1F9F22E611F200E48904 /* ApiManager.swift in Sources */,
				1AEC1F9B22E5F7CA00E48904 /* ResultCollectionViewCell.swift in Sources */,
				1A7E61F022E73FF70005F9E7 /* CollectPhotoModel.swift in Sources */,
			);
			runOnlyForDeploymentPostprocessing = 0;
		};
/* End PBXSourcesBuildPhase section */

/* Begin PBXVariantGroup section */
		1A13F24022E5902B00C49654 /* Main.storyboard */ = {
			isa = PBXVariantGroup;
			children = (
				1A13F24122E5902B00C49654 /* Base */,
			);
			name = Main.storyboard;
			sourceTree = "<group>";
		};
		1A13F24522E5902D00C49654 /* LaunchScreen.storyboard */ = {
			isa = PBXVariantGroup;
			children = (
				1A13F24622E5902D00C49654 /* Base */,
			);
			name = LaunchScreen.storyboard;
			sourceTree = "<group>";
		};
/* End PBXVariantGroup section */

/* Begin XCBuildConfiguration section */
		1A13F24922E5902D00C49654 /* Debug */ = {
			isa = XCBuildConfiguration;
			buildSettings = {
				ALWAYS_SEARCH_USER_PATHS = NO;
				CLANG_ANALYZER_NONNULL = YES;
				CLANG_ANALYZER_NUMBER_OBJECT_CONVERSION = YES_AGGRESSIVE;
				CLANG_CXX_LANGUAGE_STANDARD = "gnu++14";
				CLANG_CXX_LIBRARY = "libc++";
				CLANG_ENABLE_MODULES = YES;
				CLANG_ENABLE_OBJC_ARC = YES;
				CLANG_ENABLE_OBJC_WEAK = YES;
				CLANG_WARN_BLOCK_CAPTURE_AUTORELEASING = YES;
				CLANG_WARN_BOOL_CONVERSION = YES;
				CLANG_WARN_COMMA = YES;
				CLANG_WARN_CONSTANT_CONVERSION = YES;
				CLANG_WARN_DEPRECATED_OBJC_IMPLEMENTATIONS = YES;
				CLANG_WARN_DIRECT_OBJC_ISA_USAGE = YES_ERROR;
				CLANG_WARN_DOCUMENTATION_COMMENTS = YES;
				CLANG_WARN_EMPTY_BODY = YES;
				CLANG_WARN_ENUM_CONVERSION = YES;
				CLANG_WARN_INFINITE_RECURSION = YES;
				CLANG_WARN_INT_CONVERSION = YES;
				CLANG_WARN_NON_LITERAL_NULL_CONVERSION = YES;
				CLANG_WARN_OBJC_IMPLICIT_RETAIN_SELF = YES;
				CLANG_WARN_OBJC_LITERAL_CONVERSION = YES;
				CLANG_WARN_OBJC_ROOT_CLASS = YES_ERROR;
				CLANG_WARN_RANGE_LOOP_ANALYSIS = YES;
				CLANG_WARN_STRICT_PROTOTYPES = YES;
				CLANG_WARN_SUSPICIOUS_MOVE = YES;
				CLANG_WARN_UNGUARDED_AVAILABILITY = YES_AGGRESSIVE;
				CLANG_WARN_UNREACHABLE_CODE = YES;
				CLANG_WARN__DUPLICATE_METHOD_MATCH = YES;
				CODE_SIGN_IDENTITY = "iPhone Developer";
				COPY_PHASE_STRIP = NO;
				DEBUG_INFORMATION_FORMAT = dwarf;
				ENABLE_STRICT_OBJC_MSGSEND = YES;
				ENABLE_TESTABILITY = YES;
				GCC_C_LANGUAGE_STANDARD = gnu11;
				GCC_DYNAMIC_NO_PIC = NO;
				GCC_NO_COMMON_BLOCKS = YES;
				GCC_OPTIMIZATION_LEVEL = 0;
				GCC_PREPROCESSOR_DEFINITIONS = (
					"DEBUG=1",
					"$(inherited)",
				);
				GCC_WARN_64_TO_32_BIT_CONVERSION = YES;
				GCC_WARN_ABOUT_RETURN_TYPE = YES_ERROR;
				GCC_WARN_UNDECLARED_SELECTOR = YES;
				GCC_WARN_UNINITIALIZED_AUTOS = YES_AGGRESSIVE;
				GCC_WARN_UNUSED_FUNCTION = YES;
				GCC_WARN_UNUSED_VARIABLE = YES;
				IPHONEOS_DEPLOYMENT_TARGET = 10.0;
				MTL_ENABLE_DEBUG_INFO = INCLUDE_SOURCE;
				MTL_FAST_MATH = YES;
				ONLY_ACTIVE_ARCH = YES;
				SDKROOT = iphoneos;
				SWIFT_ACTIVE_COMPILATION_CONDITIONS = DEBUG;
				SWIFT_OPTIMIZATION_LEVEL = "-Onone";
			};
			name = Debug;
		};
		1A13F24A22E5902D00C49654 /* Release */ = {
			isa = XCBuildConfiguration;
			buildSettings = {
				ALWAYS_SEARCH_USER_PATHS = NO;
				CLANG_ANALYZER_NONNULL = YES;
				CLANG_ANALYZER_NUMBER_OBJECT_CONVERSION = YES_AGGRESSIVE;
				CLANG_CXX_LANGUAGE_STANDARD = "gnu++14";
				CLANG_CXX_LIBRARY = "libc++";
				CLANG_ENABLE_MODULES = YES;
				CLANG_ENABLE_OBJC_ARC = YES;
				CLANG_ENABLE_OBJC_WEAK = YES;
				CLANG_WARN_BLOCK_CAPTURE_AUTORELEASING = YES;
				CLANG_WARN_BOOL_CONVERSION = YES;
				CLANG_WARN_COMMA = YES;
				CLANG_WARN_CONSTANT_CONVERSION = YES;
				CLANG_WARN_DEPRECATED_OBJC_IMPLEMENTATIONS = YES;
				CLANG_WARN_DIRECT_OBJC_ISA_USAGE = YES_ERROR;
				CLANG_WARN_DOCUMENTATION_COMMENTS = YES;
				CLANG_WARN_EMPTY_BODY = YES;
				CLANG_WARN_ENUM_CONVERSION = YES;
				CLANG_WARN_INFINITE_RECURSION = YES;
				CLANG_WARN_INT_CONVERSION = YES;
				CLANG_WARN_NON_LITERAL_NULL_CONVERSION = YES;
				CLANG_WARN_OBJC_IMPLICIT_RETAIN_SELF = YES;
				CLANG_WARN_OBJC_LITERAL_CONVERSION = YES;
				CLANG_WARN_OBJC_ROOT_CLASS = YES_ERROR;
				CLANG_WARN_RANGE_LOOP_ANALYSIS = YES;
				CLANG_WARN_STRICT_PROTOTYPES = YES;
				CLANG_WARN_SUSPICIOUS_MOVE = YES;
				CLANG_WARN_UNGUARDED_AVAILABILITY = YES_AGGRESSIVE;
				CLANG_WARN_UNREACHABLE_CODE = YES;
				CLANG_WARN__DUPLICATE_METHOD_MATCH = YES;
				CODE_SIGN_IDENTITY = "iPhone Developer";
				COPY_PHASE_STRIP = NO;
				DEBUG_INFORMATION_FORMAT = "dwarf-with-dsym";
				ENABLE_NS_ASSERTIONS = NO;
				ENABLE_STRICT_OBJC_MSGSEND = YES;
				GCC_C_LANGUAGE_STANDARD = gnu11;
				GCC_NO_COMMON_BLOCKS = YES;
				GCC_WARN_64_TO_32_BIT_CONVERSION = YES;
				GCC_WARN_ABOUT_RETURN_TYPE = YES_ERROR;
				GCC_WARN_UNDECLARED_SELECTOR = YES;
				GCC_WARN_UNINITIALIZED_AUTOS = YES_AGGRESSIVE;
				GCC_WARN_UNUSED_FUNCTION = YES;
				GCC_WARN_UNUSED_VARIABLE = YES;
				IPHONEOS_DEPLOYMENT_TARGET = 10.0;
				MTL_ENABLE_DEBUG_INFO = NO;
				MTL_FAST_MATH = YES;
				SDKROOT = iphoneos;
				SWIFT_COMPILATION_MODE = wholemodule;
				SWIFT_OPTIMIZATION_LEVEL = "-O";
				VALIDATE_PRODUCT = YES;
			};
			name = Release;
		};
		1A13F24C22E5902D00C49654 /* Debug */ = {
			isa = XCBuildConfiguration;
			baseConfigurationReference = AD42E1DC8B3BBAA973B0D809 /* Pods-FlickrDemo.debug.xcconfig */;
			buildSettings = {
				ASSETCATALOG_COMPILER_APPICON_NAME = AppIcon;
				CODE_SIGN_STYLE = Automatic;
				DEVELOPMENT_TEAM = NPWFS73Q92;
				INFOPLIST_FILE = FlickrDemo/Info.plist;
				IPHONEOS_DEPLOYMENT_TARGET = 10.0;
				LD_RUNPATH_SEARCH_PATHS = (
					"$(inherited)",
					"@executable_path/Frameworks",
				);
				PRODUCT_BUNDLE_IDENTIFIER = com.james.FlickrDemo;
				PRODUCT_NAME = "$(TARGET_NAME)";
				SWIFT_VERSION = 4.0;
				TARGETED_DEVICE_FAMILY = "1,2";
			};
			name = Debug;
		};
		1A13F24D22E5902D00C49654 /* Release */ = {
			isa = XCBuildConfiguration;
			baseConfigurationReference = 322EC2EB633BF93E87ADBCE7 /* Pods-FlickrDemo.release.xcconfig */;
			buildSettings = {
				ASSETCATALOG_COMPILER_APPICON_NAME = AppIcon;
				CODE_SIGN_STYLE = Automatic;
				DEVELOPMENT_TEAM = NPWFS73Q92;
				INFOPLIST_FILE = FlickrDemo/Info.plist;
				IPHONEOS_DEPLOYMENT_TARGET = 10.0;
				LD_RUNPATH_SEARCH_PATHS = (
					"$(inherited)",
					"@executable_path/Frameworks",
				);
				PRODUCT_BUNDLE_IDENTIFIER = com.james.FlickrDemo;
				PRODUCT_NAME = "$(TARGET_NAME)";
				SWIFT_VERSION = 4.0;
				TARGETED_DEVICE_FAMILY = "1,2";
			};
			name = Release;
		};
/* End XCBuildConfiguration section */

/* Begin XCConfigurationList section */
		1A13F23422E5902B00C49654 /* Build configuration list for PBXProject "FlickrDemo" */ = {
			isa = XCConfigurationList;
			buildConfigurations = (
				1A13F24922E5902D00C49654 /* Debug */,
				1A13F24A22E5902D00C49654 /* Release */,
			);
			defaultConfigurationIsVisible = 0;
			defaultConfigurationName = Release;
		};
		1A13F24B22E5902D00C49654 /* Build configuration list for PBXNativeTarget "FlickrDemo" */ = {
			isa = XCConfigurationList;
			buildConfigurations = (
				1A13F24C22E5902D00C49654 /* Debug */,
				1A13F24D22E5902D00C49654 /* Release */,
			);
			defaultConfigurationIsVisible = 0;
			defaultConfigurationName = Release;
		};
/* End XCConfigurationList section */
	};
	rootObject = 1A13F23122E5902B00C49654 /* Project object */;
}
